lockfileVersion: '9.0'

settings:
  autoInstallPeers: true
  excludeLinksFromLockfile: false

importers:

  .:
    devDependencies:
      '@types/node':
        specifier: ^22.15.29
        version: 22.15.29
      svgson:
        specifier: ^5.3.1
        version: 5.3.1

packages:

  '@types/node@22.15.29':
    resolution: {integrity: sha512-LNdjOkUDlU1RZb8e1kOIUpN1qQUlzGkEtbVNo53vbrwDg5om6oduhm4SiUaPW5ASTXhAiP0jInWG8Qx9fVlOeQ==}

  deep-rename-keys@0.2.1:
    resolution: {integrity: sha512-RHd9ABw4Fvk+gYDWqwOftG849x0bYOySl/RgX0tLI9i27ZIeSO91mLZJEp7oPHOMFqHvpgu21YptmDt0FYD/0A==}
    engines: {node: '>=0.10.0'}

  eventemitter3@2.0.3:
    resolution: {integrity: sha512-jLN68Dx5kyFHaePoXWPsCGW5qdyZQtLYHkxkg02/Mz6g0kYpDx4FyP6XfArhQdlOC4b8Mv+EMxPo/8La7Tzghg==}

  is-buffer@1.1.6:
    resolution: {integrity: sha512-NcdALwpXkTm5Zvvbk7owOUSvVvBKDgKP5/ewfXEznmQFfs4ZRmanOeKBTjRVjka3QFoN6XJ+9F3USqfHqTaU5w==}

  kind-of@3.2.2:
    resolution: {integrity: sha512-NOW9QQXMoZGg/oqnVNoNTTIFEIid1627WCffUBJEdMxYApq7mNE7CpzucIPc+ZQg25Phej7IJSmX3hO+oblOtQ==}
    engines: {node: '>=0.10.0'}

  rename-keys@1.2.0:
    resolution: {integrity: sha512-U7XpAktpbSgHTRSNRrjKSrjYkZKuhUukfoBlXWXUExCAqhzh1TU3BDRAfJmarcl5voKS+pbKU9MvyLWKZ4UEEg==}
    engines: {node: '>= 0.8.0'}

  svgson@5.3.1:
    resolution: {integrity: sha512-qdPgvUNWb40gWktBJnbJRelWcPzkLed/ShhnRsjbayXz8OtdPOzbil9jtiZdrYvSDumAz/VNQr6JaNfPx/gvPA==}

  undici-types@6.21.0:
    resolution: {integrity: sha512-iwDZqg0QAGrg9Rav5H4n0M64c3mkR59cJ6wQp+7C4nI0gsmExaedaYLNO44eT4AtBBwjbTiGPMlt2Md0T9H9JQ==}

  xml-lexer@0.2.2:
    resolution: {integrity: sha512-G0i98epIwiUEiKmMcavmVdhtymW+pCAohMRgybyIME9ygfVu8QheIi+YoQh3ngiThsT0SQzJT4R0sKDEv8Ou0w==}

  xml-reader@2.4.3:
    resolution: {integrity: sha512-xWldrIxjeAMAu6+HSf9t50ot1uL5M+BtOidRCWHXIeewvSeIpscWCsp4Zxjk8kHHhdqFBrfK8U0EJeCcnyQ/gA==}

snapshots:

  '@types/node@22.15.29':
    dependencies:
      undici-types: 6.21.0

  deep-rename-keys@0.2.1:
    dependencies:
      kind-of: 3.2.2
      rename-keys: 1.2.0

  eventemitter3@2.0.3: {}

  is-buffer@1.1.6: {}

  kind-of@3.2.2:
    dependencies:
      is-buffer: 1.1.6

  rename-keys@1.2.0: {}

  svgson@5.3.1:
    dependencies:
      deep-rename-keys: 0.2.1
      xml-reader: 2.4.3

  undici-types@6.21.0: {}

  xml-lexer@0.2.2:
    dependencies:
      eventemitter3: 2.0.3

  xml-reader@2.4.3:
    dependencies:
      eventemitter3: 2.0.3
      xml-lexer: 0.2.2
